
Microsoft Visual Studio Solution File, Format Version 12.00
# Visual Studio 15
VisualStudioVersion = 15.0.26730.12
MinimumVisualStudioVersion = 10.0.40219.1
Project("{8BC9CEB8-8B4A-11D0-8D11-00A0C91BC942}") = "OAiP_labs_Eloev lab №4 var №1", "OAiP_labs_Eloev lab №4 var №1\OAiP_labs_Eloev lab №4 var №1.vcxproj", "{02AD06D2-AEA4-4707-AEB3-5B999D76FD60}"
EndProject
Global
	GlobalSection(SolutionConfigurationPlatforms) = preSolution
		Debug|x64 = Debug|x64
		Debug|x86 = Debug|x86
		Release|x64 = Release|x64
		Release|x86 = Release|x86
	EndGlobalSection
	GlobalSection(ProjectConfigurationPlatforms) = postSolution
		{02AD06D2-AEA4-4707-AEB3-5B999D76FD60}.Debug|x64.ActiveCfg = Debug|x64
		{02AD06D2-AEA4-4707-AEB3-5B999D76FD60}.Debug|x64.Build.0 = Debug|x64
		{02AD06D2-AEA4-4707-AEB3-5B999D76FD60}.Debug|x86.ActiveCfg = Debug|Win32
		{02AD06D2-AEA4-4707-AEB3-5B999D76FD60}.Debug|x86.Build.0 = Debug|Win32
		{02AD06D2-AEA4-4707-AEB3-5B999D76FD60}.Release|x64.ActiveCfg = Release|x64
		{02AD06D2-AEA4-4707-AEB3-5B999D76FD60}.Release|x64.Build.0 = Release|x64
		{02AD06D2-AEA4-4707-AEB3-5B999D76FD60}.Release|x86.ActiveCfg = Release|Win32
		{02AD06D2-AEA4-4707-AEB3-5B999D76FD60}.Release|x86.Build.0 = Release|Win32
	EndGlobalSection
	GlobalSection(SolutionProperties) = preSolution
		HideSolutionNode = FALSE
	EndGlobalSection
	GlobalSection(ExtensibilityGlobals) = postSolution
		SolutionGuid = {D8BFEF9B-254E-45AE-91E8-CDB7C690AA79}
	EndGlobalSection
EndGlobal
