
Microsoft Visual Studio Solution File, Format Version 12.00
# Visual Studio 15
VisualStudioVersion = 15.0.26730.12
MinimumVisualStudioVersion = 10.0.40219.1
Project("{8BC9CEB8-8B4A-11D0-8D11-00A0C91BC942}") = "OAiP_Inaividualka_Eloev  var №11", "OAiP_Inaividualka_Eloev  var №11\OAiP_Inaividualka_Eloev  var №11.vcxproj", "{BDF45219-0BB2-460C-8E2B-528A75AD3ACA}"
EndProject
Global
	GlobalSection(SolutionConfigurationPlatforms) = preSolution
		Debug|x64 = Debug|x64
		Debug|x86 = Debug|x86
		Release|x64 = Release|x64
		Release|x86 = Release|x86
	EndGlobalSection
	GlobalSection(ProjectConfigurationPlatforms) = postSolution
		{BDF45219-0BB2-460C-8E2B-528A75AD3ACA}.Debug|x64.ActiveCfg = Debug|x64
		{BDF45219-0BB2-460C-8E2B-528A75AD3ACA}.Debug|x64.Build.0 = Debug|x64
		{BDF45219-0BB2-460C-8E2B-528A75AD3ACA}.Debug|x86.ActiveCfg = Debug|Win32
		{BDF45219-0BB2-460C-8E2B-528A75AD3ACA}.Debug|x86.Build.0 = Debug|Win32
		{BDF45219-0BB2-460C-8E2B-528A75AD3ACA}.Release|x64.ActiveCfg = Release|x64
		{BDF45219-0BB2-460C-8E2B-528A75AD3ACA}.Release|x64.Build.0 = Release|x64
		{BDF45219-0BB2-460C-8E2B-528A75AD3ACA}.Release|x86.ActiveCfg = Release|Win32
		{BDF45219-0BB2-460C-8E2B-528A75AD3ACA}.Release|x86.Build.0 = Release|Win32
	EndGlobalSection
	GlobalSection(SolutionProperties) = preSolution
		HideSolutionNode = FALSE
	EndGlobalSection
	GlobalSection(ExtensibilityGlobals) = postSolution
		SolutionGuid = {BCBF5C80-2763-4416-9185-F538BE46E807}
	EndGlobalSection
EndGlobal
